
Microsoft Visual Studio Solution File, Format Version 12.00
# Visual Studio Version 16
VisualStudioVersion = 16.0.31025.194
MinimumVisualStudioVersion = 10.0.40219.1
Project("{FAE04EC0-301F-11D3-BF4B-00C04F79EFBC}") = "LuckyTicket", "LuckyTicket\LuckyTicket.csproj", "{8EBF8DF1-006E-4629-A6A3-D727F9BD864F}"
EndProject
Global
	GlobalSection(SolutionConfigurationPlatforms) = preSolution
		Debug|Any CPU = Debug|Any CPU
		Release|Any CPU = Release|Any CPU
	EndGlobalSection
	GlobalSection(ProjectConfigurationPlatforms) = postSolution
		{8EBF8DF1-006E-4629-A6A3-D727F9BD864F}.Debug|Any CPU.ActiveCfg = Debug|Any CPU
		{8EBF8DF1-006E-4629-A6A3-D727F9BD864F}.Debug|Any CPU.Build.0 = Debug|Any CPU
		{8EBF8DF1-006E-4629-A6A3-D727F9BD864F}.Release|Any CPU.ActiveCfg = Release|Any CPU
		{8EBF8DF1-006E-4629-A6A3-D727F9BD864F}.Release|Any CPU.Build.0 = Release|Any CPU
	EndGlobalSection
	GlobalSection(SolutionProperties) = preSolution
		HideSolutionNode = FALSE
	EndGlobalSection
	GlobalSection(ExtensibilityGlobals) = postSolution
		SolutionGuid = {E9F9BA79-D56A-45E3-8974-1DBD9A6688CA}
	EndGlobalSection
EndGlobal
